
Microsoft Visual Studio Solution File, Format Version 12.00
# Visual Studio for Mac
Project("{FAE04EC0-301F-11D3-BF4B-00C04F79EFBC}") = "Klak", "Klak.csproj", "{C7C09A9F-C015-FE34-9E1A-396490004608}"
EndProject
Project("{FAE04EC0-301F-11D3-BF4B-00C04F79EFBC}") = "Klak.Editor", "Klak.Editor.csproj", "{6A5731F1-7C37-56A8-18FF-372D3D12E237}"
EndProject
Global
	GlobalSection(SolutionConfigurationPlatforms) = preSolution
		Debug|Any CPU = Debug|Any CPU
		Release|Any CPU = Release|Any CPU
	EndGlobalSection
	GlobalSection(ProjectConfigurationPlatforms) = postSolution
		{C7C09A9F-C015-FE34-9E1A-396490004608}.Debug|Any CPU.ActiveCfg = Debug|Any CPU
		{C7C09A9F-C015-FE34-9E1A-396490004608}.Debug|Any CPU.Build.0 = Debug|Any CPU
		{C7C09A9F-C015-FE34-9E1A-396490004608}.Release|Any CPU.ActiveCfg = Release|Any CPU
		{C7C09A9F-C015-FE34-9E1A-396490004608}.Release|Any CPU.Build.0 = Release|Any CPU
		{6A5731F1-7C37-56A8-18FF-372D3D12E237}.Debug|Any CPU.ActiveCfg = Debug|Any CPU
		{6A5731F1-7C37-56A8-18FF-372D3D12E237}.Debug|Any CPU.Build.0 = Debug|Any CPU
		{6A5731F1-7C37-56A8-18FF-372D3D12E237}.Release|Any CPU.ActiveCfg = Release|Any CPU
		{6A5731F1-7C37-56A8-18FF-372D3D12E237}.Release|Any CPU.Build.0 = Release|Any CPU
	EndGlobalSection
	GlobalSection(SolutionProperties) = preSolution
		HideSolutionNode = FALSE
	EndGlobalSection
EndGlobal
